
Microsoft Visual Studio Solution File, Format Version 12.00
# Visual Studio Version 17
VisualStudioVersion = 17.13.35931.197 d17.13
MinimumVisualStudioVersion = 10.0.40219.1
Project("{FAE04EC0-301F-11D3-BF4B-00C04F79EFBC}") = "Clothes Project", "Clothes Project\Clothes Project.csproj", "{6591B375-8638-462E-9B72-4DFE4FDBFF31}"
EndProject
Global
	GlobalSection(SolutionConfigurationPlatforms) = preSolution
		Debug|Any CPU = Debug|Any CPU
		Release|Any CPU = Release|Any CPU
	EndGlobalSection
	GlobalSection(ProjectConfigurationPlatforms) = postSolution
		{6591B375-8638-462E-9B72-4DFE4FDBFF31}.Debug|Any CPU.ActiveCfg = Debug|Any CPU
		{6591B375-8638-462E-9B72-4DFE4FDBFF31}.Debug|Any CPU.Build.0 = Debug|Any CPU
		{6591B375-8638-462E-9B72-4DFE4FDBFF31}.Release|Any CPU.ActiveCfg = Release|Any CPU
		{6591B375-8638-462E-9B72-4DFE4FDBFF31}.Release|Any CPU.Build.0 = Release|Any CPU
	EndGlobalSection
	GlobalSection(SolutionProperties) = preSolution
		HideSolutionNode = FALSE
	EndGlobalSection
	GlobalSection(ExtensibilityGlobals) = postSolution
		SolutionGuid = {ED0920C3-DC32-49B4-8A09-2624468435AD}
	EndGlobalSection
EndGlobal
